
Microsoft Visual Studio Solution File, Format Version 12.00
# Visual Studio Version 17
VisualStudioVersion = 17.4.33403.182
MinimumVisualStudioVersion = 10.0.40219.1
Project("{9A19103F-16F7-4668-BE54-9A1E7A4F7556}") = "Comparsion", "Comparsion\Comparsion.csproj", "{9FB07989-E1DA-4DB6-AEDB-CC7E3ECC3598}"
EndProject
Global
	GlobalSection(SolutionConfigurationPlatforms) = preSolution
		Debug|Any CPU = Debug|Any CPU
		Release|Any CPU = Release|Any CPU
	EndGlobalSection
	GlobalSection(ProjectConfigurationPlatforms) = postSolution
		{9FB07989-E1DA-4DB6-AEDB-CC7E3ECC3598}.Debug|Any CPU.ActiveCfg = Debug|Any CPU
		{9FB07989-E1DA-4DB6-AEDB-CC7E3ECC3598}.Debug|Any CPU.Build.0 = Debug|Any CPU
		{9FB07989-E1DA-4DB6-AEDB-CC7E3ECC3598}.Release|Any CPU.ActiveCfg = Release|Any CPU
		{9FB07989-E1DA-4DB6-AEDB-CC7E3ECC3598}.Release|Any CPU.Build.0 = Release|Any CPU
	EndGlobalSection
	GlobalSection(SolutionProperties) = preSolution
		HideSolutionNode = FALSE
	EndGlobalSection
	GlobalSection(ExtensibilityGlobals) = postSolution
		SolutionGuid = {6A763B53-43BC-42FD-93D1-21DA8B6AAA9E}
	EndGlobalSection
EndGlobal
